
Microsoft Visual Studio Solution File, Format Version 12.00
# Visual Studio Version 17
VisualStudioVersion = 17.6.33829.357
MinimumVisualStudioVersion = 10.0.40219.1
Project("{9A19103F-16F7-4668-BE54-9A1E7A4F7556}") = "Welcome", "Welcome\Welcome.csproj", "{0A1611A1-E878-43DD-97D7-D932D0F76E3E}"
EndProject
Project("{9A19103F-16F7-4668-BE54-9A1E7A4F7556}") = "WelcomeExtended", "WelcomeExtended\WelcomeExtended.csproj", "{82FC4D29-9934-4346-8763-735857F83656}"
EndProject
Project("{9A19103F-16F7-4668-BE54-9A1E7A4F7556}") = "DataLayers", "DataLayers\DataLayers.csproj", "{FB88C619-E578-43A8-AE37-62A4ED29B8E8}"
EndProject
Project("{FAE04EC0-301F-11D3-BF4B-00C04F79EFBC}") = "UI", "UI\UI.csproj", "{C9175E0D-5650-4250-B6CA-AD1D704800B5}"
EndProject
Global
	GlobalSection(SolutionConfigurationPlatforms) = preSolution
		Debug|Any CPU = Debug|Any CPU
		Release|Any CPU = Release|Any CPU
	EndGlobalSection
	GlobalSection(ProjectConfigurationPlatforms) = postSolution
		{0A1611A1-E878-43DD-97D7-D932D0F76E3E}.Debug|Any CPU.ActiveCfg = Debug|Any CPU
		{0A1611A1-E878-43DD-97D7-D932D0F76E3E}.Debug|Any CPU.Build.0 = Debug|Any CPU
		{0A1611A1-E878-43DD-97D7-D932D0F76E3E}.Release|Any CPU.ActiveCfg = Release|Any CPU
		{0A1611A1-E878-43DD-97D7-D932D0F76E3E}.Release|Any CPU.Build.0 = Release|Any CPU
		{82FC4D29-9934-4346-8763-735857F83656}.Debug|Any CPU.ActiveCfg = Debug|Any CPU
		{82FC4D29-9934-4346-8763-735857F83656}.Debug|Any CPU.Build.0 = Debug|Any CPU
		{82FC4D29-9934-4346-8763-735857F83656}.Release|Any CPU.ActiveCfg = Release|Any CPU
		{82FC4D29-9934-4346-8763-735857F83656}.Release|Any CPU.Build.0 = Release|Any CPU
		{FB88C619-E578-43A8-AE37-62A4ED29B8E8}.Debug|Any CPU.ActiveCfg = Debug|Any CPU
		{FB88C619-E578-43A8-AE37-62A4ED29B8E8}.Debug|Any CPU.Build.0 = Debug|Any CPU
		{FB88C619-E578-43A8-AE37-62A4ED29B8E8}.Release|Any CPU.ActiveCfg = Release|Any CPU
		{FB88C619-E578-43A8-AE37-62A4ED29B8E8}.Release|Any CPU.Build.0 = Release|Any CPU
		{C9175E0D-5650-4250-B6CA-AD1D704800B5}.Debug|Any CPU.ActiveCfg = Debug|Any CPU
		{C9175E0D-5650-4250-B6CA-AD1D704800B5}.Debug|Any CPU.Build.0 = Debug|Any CPU
		{C9175E0D-5650-4250-B6CA-AD1D704800B5}.Release|Any CPU.ActiveCfg = Release|Any CPU
		{C9175E0D-5650-4250-B6CA-AD1D704800B5}.Release|Any CPU.Build.0 = Release|Any CPU
	EndGlobalSection
	GlobalSection(SolutionProperties) = preSolution
		HideSolutionNode = FALSE
	EndGlobalSection
	GlobalSection(ExtensibilityGlobals) = postSolution
		SolutionGuid = {C44DBD16-E040-4855-A45B-D830A3C2F722}
	EndGlobalSection
EndGlobal
